{
  "name": "ngx-material-timepicker",
  "version": "9.0.0",
  "lockfileVersion": 1,
  "requires": true,
  "dependencies": {
    "@angular-devkit/core": {
      "version": "10.2.4",
      "resolved": "https://registry.npmjs.org/@angular-devkit/core/-/core-10.2.4.tgz",
      "integrity": "sha512-gnm/+Iyaa6Jt3E803bpTjkwDAIb0AhP9badaGwbx44+bhbNSE2WzOBmdsQrsxJXHAMEG9CGeBzeRd8XZtLACWg==",
      "dev": true,
      "requires": {
        "ajv": "6.12.4",
        "fast-json-stable-stringify": "2.1.0",
        "magic-string": "0.25.7",
        "rxjs": "6.6.2",
        "source-map": "0.7.3"
      }
    },
    "@angular-devkit/schematics": {
      "version": "10.2.4",
      "resolved": "https://registry.npmjs.org/@angular-devkit/schematics/-/schematics-10.2.4.tgz",
      "integrity": "sha512-poBGWRwMgnnnmoZfwyOBcQMJm7U5y5XxnxvMsBJEyAQRxfQa+KLvcCfGWXqskNTyBdQFpy4kxmtCzRClkoEiKQ==",
      "dev": true,
      "requires": {
        "@angular-devkit/core": "10.2.4",
        "ora": "5.0.0",
        "rxjs": "6.6.2"
      }
    },
    "ajv": {
      "version": "6.12.4",
      "resolved": "https://registry.npmjs.org/ajv/-/ajv-6.12.4.tgz",
      "integrity": "sha512-eienB2c9qVQs2KWexhkrdMLVDoIQCz5KSeLxwg9Lzk4DOfBtIK9PQwwufcsn1jjGuf9WZmqPMbGxOzfcuphJCQ==",
      "dev": true,
      "requires": {
        "fast-deep-equal": "^3.1.1",
        "fast-json-stable-stringify": "^2.0.0",
        "json-schema-traverse": "^0.4.1",
        "uri-js": "^4.2.2"
      }
    },
    "ansi-regex": {
      "version": "5.0.1",
      "resolved": "https://registry.npmjs.org/ansi-regex/-/ansi-regex-5.0.1.tgz",
      "integrity": "sha512-quJQXlTSUGL2LH9SUXo8VwsY4soanhgo6LNSm84E1LBcE8s3O0wpdiRzyR9z/ZZJMlMWv37qOOb9pdJlMUEKFQ==",
      "dev": true
    },
    "ansi-styles": {
      "version": "4.3.0",
      "resolved": "https://registry.npmjs.org/ansi-styles/-/ansi-styles-4.3.0.tgz",
      "integrity": "sha512-zbB9rCJAT1rbjiVDb2hqKFHNYLxgtk8NURxZ3IZwD3F6NtxbXZQCnnSi1Lkx+IDohdPlFp222wVALIheZJQSEg==",
      "dev": true,
      "requires": {
        "color-convert": "^2.0.1"
      }
    },
    "chalk": {
      "version": "4.1.2",
      "resolved": "https://registry.npmjs.org/chalk/-/chalk-4.1.2.tgz",
      "integrity": "sha512-oKnbhFyRIXpUuez8iBMmyEa4nbj4IOQyuhc/wy9kY7/WVPcwIO9VA668Pu8RkO7+0G76SLROeyw9CpQ061i4mA==",
      "dev": true,
      "requires": {
        "ansi-styles": "^4.1.0",
        "supports-color": "^7.1.0"
      }
    },
    "cli-cursor": {
      "version": "3.1.0",
      "resolved": "https://registry.npmjs.org/cli-cursor/-/cli-cursor-3.1.0.tgz",
      "integrity": "sha512-I/zHAwsKf9FqGoXM4WWRACob9+SNukZTd94DWF57E4toouRulbCxcUh6RKUEOQlYTHJnzkPMySvPNaaSLNfLZw==",
      "dev": true,
      "requires": {
        "restore-cursor": "^3.1.0"
      }
    },
    "cli-spinners": {
      "version": "2.9.0",
      "resolved": "https://registry.npmjs.org/cli-spinners/-/cli-spinners-2.9.0.tgz",
      "integrity": "sha512-4/aL9X3Wh0yiMQlE+eeRhWP6vclO3QRtw1JHKIT0FFUs5FjpFmESqtMvYZ0+lbzBw900b95mS0hohy+qn2VK/g==",
      "dev": true
    },
    "clone": {
      "version": "1.0.4",
      "resolved": "https://registry.npmjs.org/clone/-/clone-1.0.4.tgz",
      "integrity": "sha512-JQHZ2QMW6l3aH/j6xCqQThY/9OH4D/9ls34cgkUBiEeocRTU04tHfKPBsUK1PqZCUQM7GiA0IIXJSuXHI64Kbg==",
      "dev": true
    },
    "color-convert": {
      "version": "2.0.1",
      "resolved": "https://registry.npmjs.org/color-convert/-/color-convert-2.0.1.tgz",
      "integrity": "sha512-RRECPsj7iu/xb5oKYcsFHSppFNnsj/52OVTRKb4zP5onXwVF3zVmmToNcOfGC+CRDpfK/U584fMg38ZHCaElKQ==",
      "dev": true,
      "requires": {
        "color-name": "~1.1.4"
      }
    },
    "color-name": {
      "version": "1.1.4",
      "resolved": "https://registry.npmjs.org/color-name/-/color-name-1.1.4.tgz",
      "integrity": "sha512-dOy+3AuW3a2wNbZHIuMZpTcgjGuLU/uBL/ubcZF9OXbDo8ff4O8yVp5Bf0efS8uEoYo5q4Fx7dY9OgQGXgAsQA==",
      "dev": true
    },
    "defaults": {
      "version": "1.0.4",
      "resolved": "https://registry.npmjs.org/defaults/-/defaults-1.0.4.tgz",
      "integrity": "sha512-eFuaLoy/Rxalv2kr+lqMlUnrDWV+3j4pljOIJgLIhI058IQfWJ7vXhyEIHu+HtC738klGALYxOKDO0bQP3tg8A==",
      "dev": true,
      "requires": {
        "clone": "^1.0.2"
      }
    },
    "fast-deep-equal": {
      "version": "3.1.3",
      "resolved": "https://registry.npmjs.org/fast-deep-equal/-/fast-deep-equal-3.1.3.tgz",
      "integrity": "sha512-f3qQ9oQy9j2AhBe/H9VC91wLmKBCCU/gDOnKNAYG5hswO7BLKj09Hc5HYNz9cGI++xlpDCIgDaitVs03ATR84Q==",
      "dev": true
    },
    "fast-json-stable-stringify": {
      "version": "2.1.0",
      "resolved": "https://registry.npmjs.org/fast-json-stable-stringify/-/fast-json-stable-stringify-2.1.0.tgz",
      "integrity": "sha512-lhd/wF+Lk98HZoTCtlVraHtfh5XYijIjalXck7saUtuanSDyLMxnHhSXEDJqHxD7msR8D0uCmqlkwjCV8xvwHw==",
      "dev": true
    },
    "has-flag": {
      "version": "4.0.0",
      "resolved": "https://registry.npmjs.org/has-flag/-/has-flag-4.0.0.tgz",
      "integrity": "sha512-EykJT/Q1KjTWctppgIAgfSO0tKVuZUjhgMr17kqTumMl6Afv3EISleU7qZUzoXDFTAHTDC4NOoG/ZxU3EvlMPQ==",
      "dev": true
    },
    "is-interactive": {
      "version": "1.0.0",
      "resolved": "https://registry.npmjs.org/is-interactive/-/is-interactive-1.0.0.tgz",
      "integrity": "sha512-2HvIEKRoqS62guEC+qBjpvRubdX910WCMuJTZ+I9yvqKU2/12eSL549HMwtabb4oupdj2sMP50k+XJfB/8JE6w==",
      "dev": true
    },
    "is-unicode-supported": {
      "version": "0.1.0",
      "resolved": "https://registry.npmjs.org/is-unicode-supported/-/is-unicode-supported-0.1.0.tgz",
      "integrity": "sha512-knxG2q4UC3u8stRGyAVJCOdxFmv5DZiRcdlIaAQXAbSfJya+OhopNotLQrstBhququ4ZpuKbDc/8S6mgXgPFPw==",
      "dev": true
    },
    "json-schema-traverse": {
      "version": "0.4.1",
      "resolved": "https://registry.npmjs.org/json-schema-traverse/-/json-schema-traverse-0.4.1.tgz",
      "integrity": "sha512-xbbCH5dCYU5T8LcEhhuh7HJ88HXuW3qsI3Y0zOZFKfZEHcpWiHU/Jxzk629Brsab/mMiHQti9wMP+845RPe3Vg==",
      "dev": true
    },
    "log-symbols": {
      "version": "4.1.0",
      "resolved": "https://registry.npmjs.org/log-symbols/-/log-symbols-4.1.0.tgz",
      "integrity": "sha512-8XPvpAA8uyhfteu8pIvQxpJZ7SYYdpUivZpGy6sFsBuKRY/7rQGavedeB8aK+Zkyq6upMFVL/9AW6vOYzfRyLg==",
      "dev": true,
      "requires": {
        "chalk": "^4.1.0",
        "is-unicode-supported": "^0.1.0"
      }
    },
    "magic-string": {
      "version": "0.25.7",
      "resolved": "https://registry.npmjs.org/magic-string/-/magic-string-0.25.7.tgz",
      "integrity": "sha512-4CrMT5DOHTDk4HYDlzmwu4FVCcIYI8gauveasrdCu2IKIFOJ3f0v/8MDGJCDL9oD2ppz/Av1b0Nj345H9M+XIA==",
      "dev": true,
      "requires": {
        "sourcemap-codec": "^1.4.4"
      }
    },
    "mimic-fn": {
      "version": "2.1.0",
      "resolved": "https://registry.npmjs.org/mimic-fn/-/mimic-fn-2.1.0.tgz",
      "integrity": "sha512-OqbOk5oEQeAZ8WXWydlu9HJjz9WVdEIvamMCcXmuqUYjTknH/sqsWvhQ3vgwKFRR1HpjvNBKQ37nbJgYzGqGcg==",
      "dev": true
    },
    "mute-stream": {
      "version": "0.0.8",
      "resolved": "https://registry.npmjs.org/mute-stream/-/mute-stream-0.0.8.tgz",
      "integrity": "sha512-nnbWWOkoWyUsTjKrhgD0dcz22mdkSnpYqbEjIm2nhwhuxlSkpywJmBo8h0ZqJdkp73mb90SssHkN4rsRaBAfAA==",
      "dev": true
    },
    "onetime": {
      "version": "5.1.2",
      "resolved": "https://registry.npmjs.org/onetime/-/onetime-5.1.2.tgz",
      "integrity": "sha512-kbpaSSGJTWdAY5KPVeMOKXSrPtr8C8C7wodJbcsd51jRnmD+GZu8Y0VoU6Dm5Z4vWr0Ig/1NKuWRKf7j5aaYSg==",
      "dev": true,
      "requires": {
        "mimic-fn": "^2.1.0"
      }
    },
    "ora": {
      "version": "5.0.0",
      "resolved": "https://registry.npmjs.org/ora/-/ora-5.0.0.tgz",
      "integrity": "sha512-s26qdWqke2kjN/wC4dy+IQPBIMWBJlSU/0JZhk30ZDBLelW25rv66yutUWARMigpGPzcXHb+Nac5pNhN/WsARw==",
      "dev": true,
      "requires": {
        "chalk": "^4.1.0",
        "cli-cursor": "^3.1.0",
        "cli-spinners": "^2.4.0",
        "is-interactive": "^1.0.0",
        "log-symbols": "^4.0.0",
        "mute-stream": "0.0.8",
        "strip-ansi": "^6.0.0",
        "wcwidth": "^1.0.1"
      }
    },
    "punycode": {
      "version": "2.3.0",
      "resolved": "https://registry.npmjs.org/punycode/-/punycode-2.3.0.tgz",
      "integrity": "sha512-rRV+zQD8tVFys26lAGR9WUuS4iUAngJScM+ZRSKtvl5tKeZ2t5bvdNFdNHBW9FWR4guGHlgmsZ1G7BSm2wTbuA==",
      "dev": true
    },
    "restore-cursor": {
      "version": "3.1.0",
      "resolved": "https://registry.npmjs.org/restore-cursor/-/restore-cursor-3.1.0.tgz",
      "integrity": "sha512-l+sSefzHpj5qimhFSE5a8nufZYAM3sBSVMAPtYkmC+4EH2anSGaEMXSD0izRQbu9nfyQ9y5JrVmp7E8oZrUjvA==",
      "dev": true,
      "requires": {
        "onetime": "^5.1.0",
        "signal-exit": "^3.0.2"
      }
    },
    "rxjs": {
      "version": "6.6.2",
      "resolved": "https://registry.npmjs.org/rxjs/-/rxjs-6.6.2.tgz",
      "integrity": "sha512-BHdBMVoWC2sL26w//BCu3YzKT4s2jip/WhwsGEDmeKYBhKDZeYezVUnHatYB7L85v5xs0BAQmg6BEYJEKxBabg==",
      "dev": true,
      "requires": {
        "tslib": "^1.9.0"
      },
      "dependencies": {
        "tslib": {
          "version": "1.14.1",
          "resolved": "https://registry.npmjs.org/tslib/-/tslib-1.14.1.tgz",
          "integrity": "sha512-Xni35NKzjgMrwevysHTCArtLDpPvye8zV/0E4EyYn43P7/7qvQwPh9BGkHewbMulVntbigmcT7rdX3BNo9wRJg==",
          "dev": true
        }
      }
    },
    "signal-exit": {
      "version": "3.0.7",
      "resolved": "https://registry.npmjs.org/signal-exit/-/signal-exit-3.0.7.tgz",
      "integrity": "sha512-wnD2ZE+l+SPC/uoS0vXeE9L1+0wuaMqKlfz9AMUo38JsyLSBWSFcHR1Rri62LZc12vLr1gb3jl7iwQhgwpAbGQ==",
      "dev": true
    },
    "source-map": {
      "version": "0.7.3",
      "resolved": "https://registry.npmjs.org/source-map/-/source-map-0.7.3.tgz",
      "integrity": "sha512-CkCj6giN3S+n9qrYiBTX5gystlENnRW5jZeNLHpe6aue+SrHcG5VYwujhW9s4dY31mEGsxBDrHR6oI69fTXsaQ==",
      "dev": true
    },
    "sourcemap-codec": {
      "version": "1.4.8",
      "resolved": "https://registry.npmjs.org/sourcemap-codec/-/sourcemap-codec-1.4.8.tgz",
      "integrity": "sha512-9NykojV5Uih4lgo5So5dtw+f0JgJX30KCNI8gwhz2J9A15wD0Ml6tjHKwf6fTSa6fAdVBdZeNOs9eJ71qCk8vA==",
      "dev": true
    },
    "strip-ansi": {
      "version": "6.0.1",
      "resolved": "https://registry.npmjs.org/strip-ansi/-/strip-ansi-6.0.1.tgz",
      "integrity": "sha512-Y38VPSHcqkFrCpFnQ9vuSXmquuv5oXOKpGeT6aGrr3o3Gc9AlVa6JBfUSOCnbxGGZF+/0ooI7KrPuUSztUdU5A==",
      "dev": true,
      "requires": {
        "ansi-regex": "^5.0.1"
      }
    },
    "supports-color": {
      "version": "7.2.0",
      "resolved": "https://registry.npmjs.org/supports-color/-/supports-color-7.2.0.tgz",
      "integrity": "sha512-qpCAvRl9stuOHveKsn7HncJRvv501qIacKzQlO/+Lwxc9+0q2wLyv4Dfvt80/DPn2pqOBsJdDiogXGR9+OvwRw==",
      "dev": true,
      "requires": {
        "has-flag": "^4.0.0"
      }
    },
    "uri-js": {
      "version": "4.4.1",
      "resolved": "https://registry.npmjs.org/uri-js/-/uri-js-4.4.1.tgz",
      "integrity": "sha512-7rKUyy33Q1yc98pQ1DAmLtwX109F7TIfWlW1Ydo8Wl1ii1SeHieeh0HHfPeL2fMXK6z0s8ecKs9frCuLJvndBg==",
      "dev": true,
      "requires": {
        "punycode": "^2.1.0"
      }
    },
    "wcwidth": {
      "version": "1.0.1",
      "resolved": "https://registry.npmjs.org/wcwidth/-/wcwidth-1.0.1.tgz",
      "integrity": "sha512-XHPEwS0q6TaxcvG85+8EYkbiCux2XtWG2mkc47Ng2A77BQu9+DqIOJldST4HgPkuea7dvKSj5VgX3P1d4rW8Tg==",
      "dev": true,
      "requires": {
        "defaults": "^1.0.3"
      }
    }
  }
}
